
Microsoft Visual Studio Solution File, Format Version 12.00
# Visual Studio Version 17
VisualStudioVersion = 17.14.36518.9 d17.14
MinimumVisualStudioVersion = 10.0.40219.1
Project("{FAE04EC0-301F-11D3-BF4B-00C04F79EFBC}") = "Repeated Number Game", "Repeated Number Game.csproj", "{0FA35E91-A359-4111-AA30-815D245C30BF}"
EndProject
Global
	GlobalSection(SolutionConfigurationPlatforms) = preSolution
		Debug|Any CPU = Debug|Any CPU
		Release|Any CPU = Release|Any CPU
	EndGlobalSection
	GlobalSection(ProjectConfigurationPlatforms) = postSolution
		{0FA35E91-A359-4111-AA30-815D245C30BF}.Debug|Any CPU.ActiveCfg = Debug|Any CPU
		{0FA35E91-A359-4111-AA30-815D245C30BF}.Debug|Any CPU.Build.0 = Debug|Any CPU
		{0FA35E91-A359-4111-AA30-815D245C30BF}.Release|Any CPU.ActiveCfg = Release|Any CPU
		{0FA35E91-A359-4111-AA30-815D245C30BF}.Release|Any CPU.Build.0 = Release|Any CPU
	EndGlobalSection
	GlobalSection(SolutionProperties) = preSolution
		HideSolutionNode = FALSE
	EndGlobalSection
	GlobalSection(ExtensibilityGlobals) = postSolution
		SolutionGuid = {76405B5D-9050-4699-BD06-DA7BBF89DAEF}
	EndGlobalSection
EndGlobal
